
Microsoft Visual Studio Solution File, Format Version 12.00
# Visual Studio Version 16
VisualStudioVersion = 16.0.30611.23
MinimumVisualStudioVersion = 10.0.40219.1
Project("{FAE04EC0-301F-11D3-BF4B-00C04F79EFBC}") = "VehiculosWeb", "VehiculosWeb\VehiculosWeb.csproj", "{4D409E51-0E0A-45F6-AE32-917A44600EE3}"
EndProject
Project("{FAE04EC0-301F-11D3-BF4B-00C04F79EFBC}") = "Negocio", "Negocio\Negocio.csproj", "{D1D771B5-6581-42EB-804A-B7DE0B9E973C}"
EndProject
Project("{FAE04EC0-301F-11D3-BF4B-00C04F79EFBC}") = "Datos", "Datos\Datos.csproj", "{50B85C38-614D-441B-AD0A-DF29491B6E99}"
EndProject
Global
	GlobalSection(SolutionConfigurationPlatforms) = preSolution
		Debug|Any CPU = Debug|Any CPU
		Release|Any CPU = Release|Any CPU
	EndGlobalSection
	GlobalSection(ProjectConfigurationPlatforms) = postSolution
		{4D409E51-0E0A-45F6-AE32-917A44600EE3}.Debug|Any CPU.ActiveCfg = Debug|Any CPU
		{4D409E51-0E0A-45F6-AE32-917A44600EE3}.Debug|Any CPU.Build.0 = Debug|Any CPU
		{4D409E51-0E0A-45F6-AE32-917A44600EE3}.Release|Any CPU.ActiveCfg = Release|Any CPU
		{4D409E51-0E0A-45F6-AE32-917A44600EE3}.Release|Any CPU.Build.0 = Release|Any CPU
		{D1D771B5-6581-42EB-804A-B7DE0B9E973C}.Debug|Any CPU.ActiveCfg = Debug|Any CPU
		{D1D771B5-6581-42EB-804A-B7DE0B9E973C}.Debug|Any CPU.Build.0 = Debug|Any CPU
		{D1D771B5-6581-42EB-804A-B7DE0B9E973C}.Release|Any CPU.ActiveCfg = Release|Any CPU
		{D1D771B5-6581-42EB-804A-B7DE0B9E973C}.Release|Any CPU.Build.0 = Release|Any CPU
		{50B85C38-614D-441B-AD0A-DF29491B6E99}.Debug|Any CPU.ActiveCfg = Debug|Any CPU
		{50B85C38-614D-441B-AD0A-DF29491B6E99}.Debug|Any CPU.Build.0 = Debug|Any CPU
		{50B85C38-614D-441B-AD0A-DF29491B6E99}.Release|Any CPU.ActiveCfg = Release|Any CPU
		{50B85C38-614D-441B-AD0A-DF29491B6E99}.Release|Any CPU.Build.0 = Release|Any CPU
	EndGlobalSection
	GlobalSection(SolutionProperties) = preSolution
		HideSolutionNode = FALSE
	EndGlobalSection
	GlobalSection(ExtensibilityGlobals) = postSolution
		SolutionGuid = {C1ADBC64-6CB4-445C-92F2-760484FBBC74}
	EndGlobalSection
EndGlobal
